PODS:
  - Nimble (4.0.0)
  - Quick (0.9.1)
  - Vigilant (0.1.0):
    - Nimble
    - Quick

DEPENDENCIES:
  - Nimble
  - Quick
  - Vigilant (from `../`)

EXTERNAL SOURCES:
  Vigilant:
    :path: "../"

SPEC CHECKSUMS:
  Nimble: 72bcc3e2f02242e6bfaaf8d9412ca7bfe3d8b417
  Quick: a5221fc21788b6aeda934805e68b061839bc3165
  Vigilant: 801c3f0298b78477f104ca7503d52e6ab1114735

COCOAPODS: 0.39.0
