PODS:
  - Nimble (4.0.0)
  - Quick (0.9.1)
  - Vigilant (1.0.0):
    - Nimble
    - Quick

DEPENDENCIES:
  - Nimble
  - Quick
  - Vigilant (from `../`)

EXTERNAL SOURCES:
  Vigilant:
    :path: ../

SPEC CHECKSUMS:
  Nimble: 72bcc3e2f02242e6bfaaf8d9412ca7bfe3d8b417
  Quick: a5221fc21788b6aeda934805e68b061839bc3165
  Vigilant: c7c27bfd207bc691a27fa1e74aff3b52687c0eb5

COCOAPODS: 0.39.0
